<?xml version="1.0" encoding="utf-8"?>
<Project ToolsVersion="4.0" xmlns="http://schemas.microsoft.com/developer/msbuild/2003">
  <ItemGroup>
    <CudaCompile Include="CUDA_files\disc.cu">
      <Filter>CUDA_files\geoms</Filter>
    </CudaCompile>
    <CudaCompile Include="CUDA_files\sphere.cu">
      <Filter>CUDA_files\geoms</Filter>
    </CudaCompile>
    <CudaCompile Include="CUDA_files\triangle_mesh.cu">
      <Filter>CUDA_files\geoms</Filter>
    </CudaCompile>
    <CudaCompile Include="CUDA_files\camera.cu">
      <Filter>CUDA_files</Filter>
    </CudaCompile>
    <CudaCompile Include="CUDA_files\anyhit.cu">
      <Filter>CUDA_files</Filter>
    </CudaCompile>
    <CudaCompile Include="CUDA_files\constant.cu">
      <Filter>CUDA_files\materials</Filter>
    </CudaCompile>
    <CudaCompile Include="CUDA_files\normaltest.cu">
      <Filter>CUDA_files\materials</Filter>
    </CudaCompile>
  </ItemGroup>
  <ItemGroup>
    <ClCompile Include="sphere.cc" />
    <ClCompile Include="disc.cc" />
    <ClCompile Include="mesh.cc" />
    <ClCompile Include="geom.cc" />
    <ClCompile Include="camera.cc" />
    <ClCompile Include="material.cc" />
    <ClCompile Include="normaltest.cc" />
    <ClCompile Include="instance.cc" />
    <ClCompile Include="node.cc" />
    <ClCompile Include="scene.cc" />
    <ClCompile Include="xray.cc" />
    <ClCompile Include="main.cc" />
    <ClCompile Include="constant.cc" />
    <ClCompile Include="$(MSBuildThisFileDirectory)..\..\lib\native\src\boost_program_options.cmdline.cpp" />
    <ClCompile Include="$(MSBuildThisFileDirectory)..\..\lib\native\src\boost_program_options.config_file.cpp" />
    <ClCompile Include="$(MSBuildThisFileDirectory)..\..\lib\native\src\boost_program_options.convert.cpp" />
    <ClCompile Include="$(MSBuildThisFileDirectory)..\..\lib\native\src\boost_program_options.options_description.cpp" />
    <ClCompile Include="$(MSBuildThisFileDirectory)..\..\lib\native\src\boost_program_options.parsers.cpp" />
    <ClCompile Include="$(MSBuildThisFileDirectory)..\..\lib\native\src\boost_program_options.positional_options.cpp" />
    <ClCompile Include="$(MSBuildThisFileDirectory)..\..\lib\native\src\boost_program_options.split.cpp" />
    <ClCompile Include="$(MSBuildThisFileDirectory)..\..\lib\native\src\boost_program_options.utf8_codecvt_facet.cpp" />
    <ClCompile Include="$(MSBuildThisFileDirectory)..\..\lib\native\src\boost_program_options.value_semantic.cpp" />
    <ClCompile Include="$(MSBuildThisFileDirectory)..\..\lib\native\src\boost_program_options.variables_map.cpp" />
    <ClCompile Include="$(MSBuildThisFileDirectory)..\..\lib\native\src\boost_program_options.winmain.cpp" />
  </ItemGroup>
  <ItemGroup>
    <ClInclude Include="optix_helpers.h">
      <Filter>Header Files</Filter>
    </ClInclude>
    <ClInclude Include="geom.h" />
    <ClInclude Include="sphere.h" />
    <ClInclude Include="CUDA_files\math.cuh">
      <Filter>CUDA_files</Filter>
    </ClInclude>
    <ClInclude Include="disc.h" />
    <ClInclude Include="mesh.h" />
    <ClInclude Include="camera.h" />
    <ClInclude Include="material.h" />
    <ClInclude Include="CUDA_files\core.cuh">
      <Filter>CUDA_files</Filter>
    </ClInclude>
    <ClInclude Include="normaltest.h" />
    <ClInclude Include="instance.h" />
    <ClInclude Include="node.h" />
    <ClInclude Include="scene.h" />
    <ClInclude Include="xray.h" />
    <ClInclude Include="constant.h" />
    <ClInclude Include="CUDA_files\basematerial.h">
      <Filter>CUDA_files\materials</Filter>
    </ClInclude>
    <ClInclude Include="CUDA_files\sampling.cuh">
      <Filter>CUDA_files</Filter>
    </ClInclude>
  </ItemGroup>
  <ItemGroup>
    <Text Include="ReadMe.txt" />
    <Text Include="PTX_files\ReadMe_dir.txt">
      <Filter>PTX_files</Filter>
    </Text>
  </ItemGroup>
  <ItemGroup>
    <Filter Include="CUDA_files">
      <UniqueIdentifier>{80a37067-ddce-493c-abc2-5b4d1ababb28}</UniqueIdentifier>
    </Filter>
    <Filter Include="PTX_files">
      <UniqueIdentifier>{7d1a8494-0e30-43da-8f82-c97c0092f2f9}</UniqueIdentifier>
    </Filter>
    <Filter Include="Header Files">
      <UniqueIdentifier>{0d91650a-e98f-4f7d-9592-302a063a26bb}</UniqueIdentifier>
    </Filter>
    <Filter Include="CUDA_files\geoms">
      <UniqueIdentifier>{0549cfc3-2387-4bff-a085-78077c139014}</UniqueIdentifier>
    </Filter>
    <Filter Include="CUDA_files\materials">
      <UniqueIdentifier>{6a0adde6-3fc4-4f57-a800-607c88df5a61}</UniqueIdentifier>
    </Filter>
  </ItemGroup>
  <ItemGroup>
    <None Include="packages.config" />
  </ItemGroup>
</Project>